
Microsoft Visual Studio Solution File, Format Version 12.00
# Visual Studio Version 17
VisualStudioVersion = 17.6.33717.318
MinimumVisualStudioVersion = 10.0.40219.1
Project("{9A19103F-16F7-4668-BE54-9A1E7A4F7556}") = "hw2", "hw2\hw2.csproj", "{02C4893A-C91F-4EFF-AAF5-5BFCC9A1F35C}"
EndProject
Project("{9A19103F-16F7-4668-BE54-9A1E7A4F7556}") = "hw3", "hw3\hw3.csproj", "{2B9BEF23-F854-4448-84B6-390ED3D7F828}"
EndProject
Project("{9A19103F-16F7-4668-BE54-9A1E7A4F7556}") = "hw4", "hw4\hw4.csproj", "{A62C05D8-000A-401C-AED0-E9A1484C0293}"
EndProject
Project("{9A19103F-16F7-4668-BE54-9A1E7A4F7556}") = "hw6", "hw6\hw6.csproj", "{BBD01A16-A5BD-428E-A7F9-39E6E6D33B94}"
EndProject
Project("{9A19103F-16F7-4668-BE54-9A1E7A4F7556}") = "hw7", "hw7\hw7.csproj", "{201946DA-5CF3-4ABC-98C5-38D54F42AC49}"
EndProject
Project("{9A19103F-16F7-4668-BE54-9A1E7A4F7556}") = "hw_8", "hw_8\hw_8.csproj", "{84E24E0D-0C6A-4B59-B2D9-23858B47F5A9}"
EndProject
Project("{9A19103F-16F7-4668-BE54-9A1E7A4F7556}") = "hw9", "hw9\hw9.csproj", "{1A03A754-1E4F-44AA-ABAC-789149A596F3}"
EndProject
Project("{9A19103F-16F7-4668-BE54-9A1E7A4F7556}") = "hw10", "hw10\hw10.csproj", "{D554EEA3-4A8E-42FA-AB16-48FE59FEFB2D}"
EndProject
Project("{9A19103F-16F7-4668-BE54-9A1E7A4F7556}") = "hw11", "hw11\hw11.csproj", "{7DAEF27F-99F8-444A-95EA-73D647A22B46}"
EndProject
Project("{9A19103F-16F7-4668-BE54-9A1E7A4F7556}") = "hw12", "hw12\hw12.csproj", "{7199D59F-040B-410F-983E-156AB394FA10}"
EndProject
Project("{9A19103F-16F7-4668-BE54-9A1E7A4F7556}") = "hw 14", "hw 14\hw 14.csproj", "{0B24F007-579C-45FF-AE24-D610164746D5}"
EndProject
Project("{9A19103F-16F7-4668-BE54-9A1E7A4F7556}") = "hw 15", "hw 15\hw 15.csproj", "{CD253A88-8009-4D6B-91FA-EDB44041128D}"
EndProject
Project("{FAE04EC0-301F-11D3-BF4B-00C04F79EFBC}") = "16hw", "16hw\16hw.csproj", "{E020CCD8-A072-4947-AD4E-EFD1FD366ACC}"
EndProject
Global
	GlobalSection(SolutionConfigurationPlatforms) = preSolution
		Debug|Any CPU = Debug|Any CPU
		Release|Any CPU = Release|Any CPU
	EndGlobalSection
	GlobalSection(ProjectConfigurationPlatforms) = postSolution
		{02C4893A-C91F-4EFF-AAF5-5BFCC9A1F35C}.Debug|Any CPU.ActiveCfg = Debug|Any CPU
		{02C4893A-C91F-4EFF-AAF5-5BFCC9A1F35C}.Debug|Any CPU.Build.0 = Debug|Any CPU
		{02C4893A-C91F-4EFF-AAF5-5BFCC9A1F35C}.Release|Any CPU.ActiveCfg = Release|Any CPU
		{02C4893A-C91F-4EFF-AAF5-5BFCC9A1F35C}.Release|Any CPU.Build.0 = Release|Any CPU
		{2B9BEF23-F854-4448-84B6-390ED3D7F828}.Debug|Any CPU.ActiveCfg = Debug|Any CPU
		{2B9BEF23-F854-4448-84B6-390ED3D7F828}.Debug|Any CPU.Build.0 = Debug|Any CPU
		{2B9BEF23-F854-4448-84B6-390ED3D7F828}.Release|Any CPU.ActiveCfg = Release|Any CPU
		{2B9BEF23-F854-4448-84B6-390ED3D7F828}.Release|Any CPU.Build.0 = Release|Any CPU
		{A62C05D8-000A-401C-AED0-E9A1484C0293}.Debug|Any CPU.ActiveCfg = Debug|Any CPU
		{A62C05D8-000A-401C-AED0-E9A1484C0293}.Debug|Any CPU.Build.0 = Debug|Any CPU
		{A62C05D8-000A-401C-AED0-E9A1484C0293}.Release|Any CPU.ActiveCfg = Release|Any CPU
		{A62C05D8-000A-401C-AED0-E9A1484C0293}.Release|Any CPU.Build.0 = Release|Any CPU
		{BBD01A16-A5BD-428E-A7F9-39E6E6D33B94}.Debug|Any CPU.ActiveCfg = Debug|Any CPU
		{BBD01A16-A5BD-428E-A7F9-39E6E6D33B94}.Debug|Any CPU.Build.0 = Debug|Any CPU
		{BBD01A16-A5BD-428E-A7F9-39E6E6D33B94}.Release|Any CPU.ActiveCfg = Release|Any CPU
		{BBD01A16-A5BD-428E-A7F9-39E6E6D33B94}.Release|Any CPU.Build.0 = Release|Any CPU
		{201946DA-5CF3-4ABC-98C5-38D54F42AC49}.Debug|Any CPU.ActiveCfg = Debug|Any CPU
		{201946DA-5CF3-4ABC-98C5-38D54F42AC49}.Debug|Any CPU.Build.0 = Debug|Any CPU
		{201946DA-5CF3-4ABC-98C5-38D54F42AC49}.Release|Any CPU.ActiveCfg = Release|Any CPU
		{201946DA-5CF3-4ABC-98C5-38D54F42AC49}.Release|Any CPU.Build.0 = Release|Any CPU
		{84E24E0D-0C6A-4B59-B2D9-23858B47F5A9}.Debug|Any CPU.ActiveCfg = Debug|Any CPU
		{84E24E0D-0C6A-4B59-B2D9-23858B47F5A9}.Debug|Any CPU.Build.0 = Debug|Any CPU
		{84E24E0D-0C6A-4B59-B2D9-23858B47F5A9}.Release|Any CPU.ActiveCfg = Release|Any CPU
		{84E24E0D-0C6A-4B59-B2D9-23858B47F5A9}.Release|Any CPU.Build.0 = Release|Any CPU
		{1A03A754-1E4F-44AA-ABAC-789149A596F3}.Debug|Any CPU.ActiveCfg = Debug|Any CPU
		{1A03A754-1E4F-44AA-ABAC-789149A596F3}.Debug|Any CPU.Build.0 = Debug|Any CPU
		{1A03A754-1E4F-44AA-ABAC-789149A596F3}.Release|Any CPU.ActiveCfg = Release|Any CPU
		{1A03A754-1E4F-44AA-ABAC-789149A596F3}.Release|Any CPU.Build.0 = Release|Any CPU
		{D554EEA3-4A8E-42FA-AB16-48FE59FEFB2D}.Debug|Any CPU.ActiveCfg = Debug|Any CPU
		{D554EEA3-4A8E-42FA-AB16-48FE59FEFB2D}.Debug|Any CPU.Build.0 = Debug|Any CPU
		{D554EEA3-4A8E-42FA-AB16-48FE59FEFB2D}.Release|Any CPU.ActiveCfg = Release|Any CPU
		{D554EEA3-4A8E-42FA-AB16-48FE59FEFB2D}.Release|Any CPU.Build.0 = Release|Any CPU
		{7DAEF27F-99F8-444A-95EA-73D647A22B46}.Debug|Any CPU.ActiveCfg = Debug|Any CPU
		{7DAEF27F-99F8-444A-95EA-73D647A22B46}.Debug|Any CPU.Build.0 = Debug|Any CPU
		{7DAEF27F-99F8-444A-95EA-73D647A22B46}.Release|Any CPU.ActiveCfg = Release|Any CPU
		{7DAEF27F-99F8-444A-95EA-73D647A22B46}.Release|Any CPU.Build.0 = Release|Any CPU
		{7199D59F-040B-410F-983E-156AB394FA10}.Debug|Any CPU.ActiveCfg = Debug|Any CPU
		{7199D59F-040B-410F-983E-156AB394FA10}.Debug|Any CPU.Build.0 = Debug|Any CPU
		{7199D59F-040B-410F-983E-156AB394FA10}.Release|Any CPU.ActiveCfg = Release|Any CPU
		{7199D59F-040B-410F-983E-156AB394FA10}.Release|Any CPU.Build.0 = Release|Any CPU
		{0B24F007-579C-45FF-AE24-D610164746D5}.Debug|Any CPU.ActiveCfg = Debug|Any CPU
		{0B24F007-579C-45FF-AE24-D610164746D5}.Debug|Any CPU.Build.0 = Debug|Any CPU
		{0B24F007-579C-45FF-AE24-D610164746D5}.Release|Any CPU.ActiveCfg = Release|Any CPU
		{0B24F007-579C-45FF-AE24-D610164746D5}.Release|Any CPU.Build.0 = Release|Any CPU
		{CD253A88-8009-4D6B-91FA-EDB44041128D}.Debug|Any CPU.ActiveCfg = Debug|Any CPU
		{CD253A88-8009-4D6B-91FA-EDB44041128D}.Debug|Any CPU.Build.0 = Debug|Any CPU
		{CD253A88-8009-4D6B-91FA-EDB44041128D}.Release|Any CPU.ActiveCfg = Release|Any CPU
		{CD253A88-8009-4D6B-91FA-EDB44041128D}.Release|Any CPU.Build.0 = Release|Any CPU
		{E020CCD8-A072-4947-AD4E-EFD1FD366ACC}.Debug|Any CPU.ActiveCfg = Debug|Any CPU
		{E020CCD8-A072-4947-AD4E-EFD1FD366ACC}.Debug|Any CPU.Build.0 = Debug|Any CPU
		{E020CCD8-A072-4947-AD4E-EFD1FD366ACC}.Release|Any CPU.ActiveCfg = Release|Any CPU
		{E020CCD8-A072-4947-AD4E-EFD1FD366ACC}.Release|Any CPU.Build.0 = Release|Any CPU
	EndGlobalSection
	GlobalSection(SolutionProperties) = preSolution
		HideSolutionNode = FALSE
	EndGlobalSection
	GlobalSection(ExtensibilityGlobals) = postSolution
		SolutionGuid = {698CE72D-A320-48D1-9FBC-4428DA992C6D}
	EndGlobalSection
EndGlobal
